// !$*UTF8*$!
{
	archiveVersion = 1;
	classes = {
	};
	objectVersion = 50;
	objects = {

/* Begin PBXBuildFile section */
		347A16F625EB5C1D00A362A0 /* AppDelegate.swift in Sources */ = {isa = PBXBuildFile; fileRef = 347A16F525EB5C1D00A362A0 /* AppDelegate.swift */; };
		347A16F825EB5C1D00A362A0 /* SceneDelegate.swift in Sources */ = {isa = PBXBuildFile; fileRef = 347A16F725EB5C1D00A362A0 /* SceneDelegate.swift */; };
		347A16FA25EB5C1D00A362A0 /* ViewController.swift in Sources */ = {isa = PBXBuildFile; fileRef = 347A16F925EB5C1D00A362A0 /* ViewController.swift */; };
		347A16FD25EB5C1D00A362A0 /* Main.storyboard in Resources */ = {isa = PBXBuildFile; fileRef = 347A16FB25EB5C1D00A362A0 /* Main.storyboard */; };
		347A16FF25EB5C1F00A362A0 /* Assets.xcassets in Resources */ = {isa = PBXBuildFile; fileRef = 347A16FE25EB5C1F00A362A0 /* Assets.xcassets */; };
		347A170225EB5C1F00A362A0 /* LaunchScreen.storyboard in Resources */ = {isa = PBXBuildFile; fileRef = 347A170025EB5C1F00A362A0 /* LaunchScreen.storyboard */; };
		347A170D25EB5C1F00A362A0 /* Xib_TODO_LISTTests.swift in Sources */ = {isa = PBXBuildFile; fileRef = 347A170C25EB5C1F00A362A0 /* Xib_TODO_LISTTests.swift */; };
		347A171825EB5C1F00A362A0 /* Xib_TODO_LISTUITests.swift in Sources */ = {isa = PBXBuildFile; fileRef = 347A171725EB5C1F00A362A0 /* Xib_TODO_LISTUITests.swift */; };
		3499CEB825F3878A00396ABF /* View.xib in Resources */ = {isa = PBXBuildFile; fileRef = 3499CEB725F3878A00396ABF /* View.xib */; };
		3499CEBD25F3895A00396ABF /* XibTableView.swift in Sources */ = {isa = PBXBuildFile; fileRef = 3499CEBC25F3895A00396ABF /* XibTableView.swift */; };
/* End PBXBuildFile section */

/* Begin PBXContainerItemProxy section */
		347A170925EB5C1F00A362A0 /* PBXContainerItemProxy */ = {
			isa = PBXContainerItemProxy;
			containerPortal = 347A16EA25EB5C1D00A362A0 /* Project object */;
			proxyType = 1;
			remoteGlobalIDString = 347A16F125EB5C1D00A362A0;
			remoteInfo = Xib_TODO_LIST;
		};
		347A171425EB5C1F00A362A0 /* PBXContainerItemProxy */ = {
			isa = PBXContainerItemProxy;
			containerPortal = 347A16EA25EB5C1D00A362A0 /* Project object */;
			proxyType = 1;
			remoteGlobalIDString = 347A16F125EB5C1D00A362A0;
			remoteInfo = Xib_TODO_LIST;
		};
/* End PBXContainerItemProxy section */

/* Begin PBXFileReference section */
		347A16F225EB5C1D00A362A0 /* Xib_TODO_LIST.app */ = {isa = PBXFileReference; explicitFileType = wrapper.application; includeInIndex = 0; path = Xib_TODO_LIST.app; sourceTree = BUILT_PRODUCTS_DIR; };
		347A16F525EB5C1D00A362A0 /* AppDelegate.swift */ = {isa = PBXFileReference; lastKnownFileType = sourcecode.swift; path = AppDelegate.swift; sourceTree = "<group>"; };
		347A16F725EB5C1D00A362A0 /* SceneDelegate.swift */ = {isa = PBXFileReference; lastKnownFileType = sourcecode.swift; path = SceneDelegate.swift; sourceTree = "<group>"; };
		347A16F925EB5C1D00A362A0 /* ViewController.swift */ = {isa = PBXFileReference; lastKnownFileType = sourcecode.swift; path = ViewController.swift; sourceTree = "<group>"; };
		347A16FC25EB5C1D00A362A0 /* Base */ = {isa = PBXFileReference; lastKnownFileType = file.storyboard; name = Base; path = Base.lproj/Main.storyboard; sourceTree = "<group>"; };
		347A16FE25EB5C1F00A362A0 /* Assets.xcassets */ = {isa = PBXFileReference; lastKnownFileType = folder.assetcatalog; path = Assets.xcassets; sourceTree = "<group>"; };
		347A170125EB5C1F00A362A0 /* Base */ = {isa = PBXFileReference; lastKnownFileType = file.storyboard; name = Base; path = Base.lproj/LaunchScreen.storyboard; sourceTree = "<group>"; };
		347A170325EB5C1F00A362A0 /* Info.plist */ = {isa = PBXFileReference; lastKnownFileType = text.plist.xml; path = Info.plist; sourceTree = "<group>"; };
		347A170825EB5C1F00A362A0 /* Xib_TODO_LISTTests.xctest */ = {isa = PBXFileReference; explicitFileType = wrapper.cfbundle; includeInIndex = 0; path = Xib_TODO_LISTTests.xctest; sourceTree = BUILT_PRODUCTS_DIR; };
		347A170C25EB5C1F00A362A0 /* Xib_TODO_LISTTests.swift */ = {isa = PBXFileReference; lastKnownFileType = sourcecode.swift; path = Xib_TODO_LISTTests.swift; sourceTree = "<group>"; };
		347A170E25EB5C1F00A362A0 /* Info.plist */ = {isa = PBXFileReference; lastKnownFileType = text.plist.xml; path = Info.plist; sourceTree = "<group>"; };
		347A171325EB5C1F00A362A0 /* Xib_TODO_LISTUITests.xctest */ = {isa = PBXFileReference; explicitFileType = wrapper.cfbundle; includeInIndex = 0; path = Xib_TODO_LISTUITests.xctest; sourceTree = BUILT_PRODUCTS_DIR; };
		347A171725EB5C1F00A362A0 /* Xib_TODO_LISTUITests.swift */ = {isa = PBXFileReference; lastKnownFileType = sourcecode.swift; path = Xib_TODO_LISTUITests.swift; sourceTree = "<group>"; };
		347A171925EB5C1F00A362A0 /* Info.plist */ = {isa = PBXFileReference; lastKnownFileType = text.plist.xml; path = Info.plist; sourceTree = "<group>"; };
		3499CEB725F3878A00396ABF /* View.xib */ = {isa = PBXFileReference; lastKnownFileType = file.xib; path = View.xib; sourceTree = "<group>"; };
		3499CEBC25F3895A00396ABF /* XibTableView.swift */ = {isa = PBXFileReference; lastKnownFileType = sourcecode.swift; path = XibTableView.swift; sourceTree = "<group>"; };
/* End PBXFileReference section */

/* Begin PBXFrameworksBuildPhase section */
		347A16EF25EB5C1D00A362A0 /* Frameworks */ = {
			isa = PBXFrameworksBuildPhase;
			buildActionMask = 2147483647;
			files = (
			);
			runOnlyForDeploymentPostprocessing = 0;
		};
		347A170525EB5C1F00A362A0 /* Frameworks */ = {
			isa = PBXFrameworksBuildPhase;
			buildActionMask = 2147483647;
			files = (
			);
			runOnlyForDeploymentPostprocessing = 0;
		};
		347A171025EB5C1F00A362A0 /* Frameworks */ = {
			isa = PBXFrameworksBuildPhase;
			buildActionMask = 2147483647;
			files = (
			);
			runOnlyForDeploymentPostprocessing = 0;
		};
/* End PBXFrameworksBuildPhase section */

/* Begin PBXGroup section */
		347A16E925EB5C1D00A362A0 = {
			isa = PBXGroup;
			children = (
				347A16F425EB5C1D00A362A0 /* Xib_TODO_LIST */,
				347A170B25EB5C1F00A362A0 /* Xib_TODO_LISTTests */,
				347A171625EB5C1F00A362A0 /* Xib_TODO_LISTUITests */,
				347A16F325EB5C1D00A362A0 /* Products */,
			);
			sourceTree = "<group>";
		};
		347A16F325EB5C1D00A362A0 /* Products */ = {
			isa = PBXGroup;
			children = (
				347A16F225EB5C1D00A362A0 /* Xib_TODO_LIST.app */,
				347A170825EB5C1F00A362A0 /* Xib_TODO_LISTTests.xctest */,
				347A171325EB5C1F00A362A0 /* Xib_TODO_LISTUITests.xctest */,
			);
			name = Products;
			sourceTree = "<group>";
		};
		347A16F425EB5C1D00A362A0 /* Xib_TODO_LIST */ = {
			isa = PBXGroup;
			children = (
				34E9672625FB90B700A36D7D /* Model */,
				34E9672725FB90C200A36D7D /* View */,
				34E9672825FB90D200A36D7D /* Controller */,
				347A170025EB5C1F00A362A0 /* LaunchScreen.storyboard */,
				347A170325EB5C1F00A362A0 /* Info.plist */,
			);
			path = Xib_TODO_LIST;
			sourceTree = "<group>";
		};
		347A170B25EB5C1F00A362A0 /* Xib_TODO_LISTTests */ = {
			isa = PBXGroup;
			children = (
				347A170C25EB5C1F00A362A0 /* Xib_TODO_LISTTests.swift */,
				347A170E25EB5C1F00A362A0 /* Info.plist */,
			);
			path = Xib_TODO_LISTTests;
			sourceTree = "<group>";
		};
		347A171625EB5C1F00A362A0 /* Xib_TODO_LISTUITests */ = {
			isa = PBXGroup;
			children = (
				347A171725EB5C1F00A362A0 /* Xib_TODO_LISTUITests.swift */,
				347A171925EB5C1F00A362A0 /* Info.plist */,
			);
			path = Xib_TODO_LISTUITests;
			sourceTree = "<group>";
		};
		34E9672625FB90B700A36D7D /* Model */ = {
			isa = PBXGroup;
			children = (
			);
			path = Model;
			sourceTree = "<group>";
		};
		34E9672725FB90C200A36D7D /* View */ = {
			isa = PBXGroup;
			children = (
				347A16FB25EB5C1D00A362A0 /* Main.storyboard */,
				3499CEB725F3878A00396ABF /* View.xib */,
				347A16FE25EB5C1F00A362A0 /* Assets.xcassets */,
			);
			path = View;
			sourceTree = "<group>";
		};
		34E9672825FB90D200A36D7D /* Controller */ = {
			isa = PBXGroup;
			children = (
				347A16F525EB5C1D00A362A0 /* AppDelegate.swift */,
				347A16F725EB5C1D00A362A0 /* SceneDelegate.swift */,
				347A16F925EB5C1D00A362A0 /* ViewController.swift */,
				3499CEBC25F3895A00396ABF /* XibTableView.swift */,
			);
			path = Controller;
			sourceTree = "<group>";
		};
/* End PBXGroup section */

/* Begin PBXNativeTarget section */
		347A16F125EB5C1D00A362A0 /* Xib_TODO_LIST */ = {
			isa = PBXNativeTarget;
			buildConfigurationList = 347A171C25EB5C1F00A362A0 /* Build configuration list for PBXNativeTarget "Xib_TODO_LIST" */;
			buildPhases = (
				347A16EE25EB5C1D00A362A0 /* Sources */,
				347A16EF25EB5C1D00A362A0 /* Frameworks */,
				347A16F025EB5C1D00A362A0 /* Resources */,
			);
			buildRules = (
			);
			dependencies = (
			);
			name = Xib_TODO_LIST;
			productName = Xib_TODO_LIST;
			productReference = 347A16F225EB5C1D00A362A0 /* Xib_TODO_LIST.app */;
			productType = "com.apple.product-type.application";
		};
		347A170725EB5C1F00A362A0 /* Xib_TODO_LISTTests */ = {
			isa = PBXNativeTarget;
			buildConfigurationList = 347A171F25EB5C1F00A362A0 /* Build configuration list for PBXNativeTarget "Xib_TODO_LISTTests" */;
			buildPhases = (
				347A170425EB5C1F00A362A0 /* Sources */,
				347A170525EB5C1F00A362A0 /* Frameworks */,
				347A170625EB5C1F00A362A0 /* Resources */,
			);
			buildRules = (
			);
			dependencies = (
				347A170A25EB5C1F00A362A0 /* PBXTargetDependency */,
			);
			name = Xib_TODO_LISTTests;
			productName = Xib_TODO_LISTTests;
			productReference = 347A170825EB5C1F00A362A0 /* Xib_TODO_LISTTests.xctest */;
			productType = "com.apple.product-type.bundle.unit-test";
		};
		347A171225EB5C1F00A362A0 /* Xib_TODO_LISTUITests */ = {
			isa = PBXNativeTarget;
			buildConfigurationList = 347A172225EB5C1F00A362A0 /* Build configuration list for PBXNativeTarget "Xib_TODO_LISTUITests" */;
			buildPhases = (
				347A170F25EB5C1F00A362A0 /* Sources */,
				347A171025EB5C1F00A362A0 /* Frameworks */,
				347A171125EB5C1F00A362A0 /* Resources */,
			);
			buildRules = (
			);
			dependencies = (
				347A171525EB5C1F00A362A0 /* PBXTargetDependency */,
			);
			name = Xib_TODO_LISTUITests;
			productName = Xib_TODO_LISTUITests;
			productReference = 347A171325EB5C1F00A362A0 /* Xib_TODO_LISTUITests.xctest */;
			productType = "com.apple.product-type.bundle.ui-testing";
		};
/* End PBXNativeTarget section */

/* Begin PBXProject section */
		347A16EA25EB5C1D00A362A0 /* Project object */ = {
			isa = PBXProject;
			attributes = {
				LastSwiftUpdateCheck = 1230;
				LastUpgradeCheck = 1230;
				TargetAttributes = {
					347A16F125EB5C1D00A362A0 = {
						CreatedOnToolsVersion = 12.3;
					};
					347A170725EB5C1F00A362A0 = {
						CreatedOnToolsVersion = 12.3;
						TestTargetID = 347A16F125EB5C1D00A362A0;
					};
					347A171225EB5C1F00A362A0 = {
						CreatedOnToolsVersion = 12.3;
						TestTargetID = 347A16F125EB5C1D00A362A0;
					};
				};
			};
			buildConfigurationList = 347A16ED25EB5C1D00A362A0 /* Build configuration list for PBXProject "Xib_TODO_LIST" */;
			compatibilityVersion = "Xcode 9.3";
			developmentRegion = en;
			hasScannedForEncodings = 0;
			knownRegions = (
				en,
				Base,
			);
			mainGroup = 347A16E925EB5C1D00A362A0;
			productRefGroup = 347A16F325EB5C1D00A362A0 /* Products */;
			projectDirPath = "";
			projectRoot = "";
			targets = (
				347A16F125EB5C1D00A362A0 /* Xib_TODO_LIST */,
				347A170725EB5C1F00A362A0 /* Xib_TODO_LISTTests */,
				347A171225EB5C1F00A362A0 /* Xib_TODO_LISTUITests */,
			);
		};
/* End PBXProject section */

/* Begin PBXResourcesBuildPhase section */
		347A16F025EB5C1D00A362A0 /* Resources */ = {
			isa = PBXResourcesBuildPhase;
			buildActionMask = 2147483647;
			files = (
				3499CEB825F3878A00396ABF /* View.xib in Resources */,
				347A170225EB5C1F00A362A0 /* LaunchScreen.storyboard in Resources */,
				347A16FF25EB5C1F00A362A0 /* Assets.xcassets in Resources */,
				347A16FD25EB5C1D00A362A0 /* Main.storyboard in Resources */,
			);
			runOnlyForDeploymentPostprocessing = 0;
		};
		347A170625EB5C1F00A362A0 /* Resources */ = {
			isa = PBXResourcesBuildPhase;
			buildActionMask = 2147483647;
			files = (
			);
			runOnlyForDeploymentPostprocessing = 0;
		};
		347A171125EB5C1F00A362A0 /* Resources */ = {
			isa = PBXResourcesBuildPhase;
			buildActionMask = 2147483647;
			files = (
			);
			runOnlyForDeploymentPostprocessing = 0;
		};
/* End PBXResourcesBuildPhase section */

/* Begin PBXSourcesBuildPhase section */
		347A16EE25EB5C1D00A362A0 /* Sources */ = {
			isa = PBXSourcesBuildPhase;
			buildActionMask = 2147483647;
			files = (
				347A16FA25EB5C1D00A362A0 /* ViewController.swift in Sources */,
				347A16F625EB5C1D00A362A0 /* AppDelegate.swift in Sources */,
				347A16F825EB5C1D00A362A0 /* SceneDelegate.swift in Sources */,
				3499CEBD25F3895A00396ABF /* XibTableView.swift in Sources */,
			);
			runOnlyForDeploymentPostprocessing = 0;
		};
		347A170425EB5C1F00A362A0 /* Sources */ = {
			isa = PBXSourcesBuildPhase;
			buildActionMask = 2147483647;
			files = (
				347A170D25EB5C1F00A362A0 /* Xib_TODO_LISTTests.swift in Sources */,
			);
			runOnlyForDeploymentPostprocessing = 0;
		};
		347A170F25EB5C1F00A362A0 /* Sources */ = {
			isa = PBXSourcesBuildPhase;
			buildActionMask = 2147483647;
			files = (
				347A171825EB5C1F00A362A0 /* Xib_TODO_LISTUITests.swift in Sources */,
			);
			runOnlyForDeploymentPostprocessing = 0;
		};
/* End PBXSourcesBuildPhase section */

/* Begin PBXTargetDependency section */
		347A170A25EB5C1F00A362A0 /* PBXTargetDependency */ = {
			isa = PBXTargetDependency;
			target = 347A16F125EB5C1D00A362A0 /* Xib_TODO_LIST */;
			targetProxy = 347A170925EB5C1F00A362A0 /* PBXContainerItemProxy */;
		};
		347A171525EB5C1F00A362A0 /* PBXTargetDependency */ = {
			isa = PBXTargetDependency;
			target = 347A16F125EB5C1D00A362A0 /* Xib_TODO_LIST */;
			targetProxy = 347A171425EB5C1F00A362A0 /* PBXContainerItemProxy */;
		};
/* End PBXTargetDependency section */

/* Begin PBXVariantGroup section */
		347A16FB25EB5C1D00A362A0 /* Main.storyboard */ = {
			isa = PBXVariantGroup;
			children = (
				347A16FC25EB5C1D00A362A0 /* Base */,
			);
			name = Main.storyboard;
			sourceTree = "<group>";
		};
		347A170025EB5C1F00A362A0 /* LaunchScreen.storyboard */ = {
			isa = PBXVariantGroup;
			children = (
				347A170125EB5C1F00A362A0 /* Base */,
			);
			name = LaunchScreen.storyboard;
			sourceTree = "<group>";
		};
/* End PBXVariantGroup section */

/* Begin XCBuildConfiguration section */
		347A171A25EB5C1F00A362A0 /* Debug */ = {
			isa = XCBuildConfiguration;
			buildSettings = {
				ALWAYS_SEARCH_USER_PATHS = NO;
				CLANG_ANALYZER_NONNULL = YES;
				CLANG_ANALYZER_NUMBER_OBJECT_CONVERSION = YES_AGGRESSIVE;
				CLANG_CXX_LANGUAGE_STANDARD = "gnu++14";
				CLANG_CXX_LIBRARY = "libc++";
				CLANG_ENABLE_MODULES = YES;
				CLANG_ENABLE_OBJC_ARC = YES;
				CLANG_ENABLE_OBJC_WEAK = YES;
				CLANG_WARN_BLOCK_CAPTURE_AUTORELEASING = YES;
				CLANG_WARN_BOOL_CONVERSION = YES;
				CLANG_WARN_COMMA = YES;
				CLANG_WARN_CONSTANT_CONVERSION = YES;
				CLANG_WARN_DEPRECATED_OBJC_IMPLEMENTATIONS = YES;
				CLANG_WARN_DIRECT_OBJC_ISA_USAGE = YES_ERROR;
				CLANG_WARN_DOCUMENTATION_COMMENTS = YES;
				CLANG_WARN_EMPTY_BODY = YES;
				CLANG_WARN_ENUM_CONVERSION = YES;
				CLANG_WARN_INFINITE_RECURSION = YES;
				CLANG_WARN_INT_CONVERSION = YES;
				CLANG_WARN_NON_LITERAL_NULL_CONVERSION = YES;
				CLANG_WARN_OBJC_IMPLICIT_RETAIN_SELF = YES;
				CLANG_WARN_OBJC_LITERAL_CONVERSION = YES;
				CLANG_WARN_OBJC_ROOT_CLASS = YES_ERROR;
				CLANG_WARN_QUOTED_INCLUDE_IN_FRAMEWORK_HEADER = YES;
				CLANG_WARN_RANGE_LOOP_ANALYSIS = YES;
				CLANG_WARN_STRICT_PROTOTYPES = YES;
				CLANG_WARN_SUSPICIOUS_MOVE = YES;
				CLANG_WARN_UNGUARDED_AVAILABILITY = YES_AGGRESSIVE;
				CLANG_WARN_UNREACHABLE_CODE = YES;
				CLANG_WARN__DUPLICATE_METHOD_MATCH = YES;
				COPY_PHASE_STRIP = NO;
				DEBUG_INFORMATION_FORMAT = dwarf;
				ENABLE_STRICT_OBJC_MSGSEND = YES;
				ENABLE_TESTABILITY = YES;
				GCC_C_LANGUAGE_STANDARD = gnu11;
				GCC_DYNAMIC_NO_PIC = NO;
				GCC_NO_COMMON_BLOCKS = YES;
				GCC_OPTIMIZATION_LEVEL = 0;
				GCC_PREPROCESSOR_DEFINITIONS = (
					"DEBUG=1",
					"$(inherited)",
				);
				GCC_WARN_64_TO_32_BIT_CONVERSION = YES;
				GCC_WARN_ABOUT_RETURN_TYPE = YES_ERROR;
				GCC_WARN_UNDECLARED_SELECTOR = YES;
				GCC_WARN_UNINITIALIZED_AUTOS = YES_AGGRESSIVE;
				GCC_WARN_UNUSED_FUNCTION = YES;
				GCC_WARN_UNUSED_VARIABLE = YES;
				IPHONEOS_DEPLOYMENT_TARGET = 14.3;
				MTL_ENABLE_DEBUG_INFO = INCLUDE_SOURCE;
				MTL_FAST_MATH = YES;
				ONLY_ACTIVE_ARCH = YES;
				SDKROOT = iphoneos;
				SWIFT_ACTIVE_COMPILATION_CONDITIONS = DEBUG;
				SWIFT_OPTIMIZATION_LEVEL = "-Onone";
			};
			name = Debug;
		};
		347A171B25EB5C1F00A362A0 /* Release */ = {
			isa = XCBuildConfiguration;
			buildSettings = {
				ALWAYS_SEARCH_USER_PATHS = NO;
				CLANG_ANALYZER_NONNULL = YES;
				CLANG_ANALYZER_NUMBER_OBJECT_CONVERSION = YES_AGGRESSIVE;
				CLANG_CXX_LANGUAGE_STANDARD = "gnu++14";
				CLANG_CXX_LIBRARY = "libc++";
				CLANG_ENABLE_MODULES = YES;
				CLANG_ENABLE_OBJC_ARC = YES;
				CLANG_ENABLE_OBJC_WEAK = YES;
				CLANG_WARN_BLOCK_CAPTURE_AUTORELEASING = YES;
				CLANG_WARN_BOOL_CONVERSION = YES;
				CLANG_WARN_COMMA = YES;
				CLANG_WARN_CONSTANT_CONVERSION = YES;
				CLANG_WARN_DEPRECATED_OBJC_IMPLEMENTATIONS = YES;
				CLANG_WARN_DIRECT_OBJC_ISA_USAGE = YES_ERROR;
				CLANG_WARN_DOCUMENTATION_COMMENTS = YES;
				CLANG_WARN_EMPTY_BODY = YES;
				CLANG_WARN_ENUM_CONVERSION = YES;
				CLANG_WARN_INFINITE_RECURSION = YES;
				CLANG_WARN_INT_CONVERSION = YES;
				CLANG_WARN_NON_LITERAL_NULL_CONVERSION = YES;
				CLANG_WARN_OBJC_IMPLICIT_RETAIN_SELF = YES;
				CLANG_WARN_OBJC_LITERAL_CONVERSION = YES;
				CLANG_WARN_OBJC_ROOT_CLASS = YES_ERROR;
				CLANG_WARN_QUOTED_INCLUDE_IN_FRAMEWORK_HEADER = YES;
				CLANG_WARN_RANGE_LOOP_ANALYSIS = YES;
				CLANG_WARN_STRICT_PROTOTYPES = YES;
				CLANG_WARN_SUSPICIOUS_MOVE = YES;
				CLANG_WARN_UNGUARDED_AVAILABILITY = YES_AGGRESSIVE;
				CLANG_WARN_UNREACHABLE_CODE = YES;
				CLANG_WARN__DUPLICATE_METHOD_MATCH = YES;
				COPY_PHASE_STRIP = NO;
				DEBUG_INFORMATION_FORMAT = "dwarf-with-dsym";
				ENABLE_NS_ASSERTIONS = NO;
				ENABLE_STRICT_OBJC_MSGSEND = YES;
				GCC_C_LANGUAGE_STANDARD = gnu11;
				GCC_NO_COMMON_BLOCKS = YES;
				GCC_WARN_64_TO_32_BIT_CONVERSION = YES;
				GCC_WARN_ABOUT_RETURN_TYPE = YES_ERROR;
				GCC_WARN_UNDECLARED_SELECTOR = YES;
				GCC_WARN_UNINITIALIZED_AUTOS = YES_AGGRESSIVE;
				GCC_WARN_UNUSED_FUNCTION = YES;
				GCC_WARN_UNUSED_VARIABLE = YES;
				IPHONEOS_DEPLOYMENT_TARGET = 14.3;
				MTL_ENABLE_DEBUG_INFO = NO;
				MTL_FAST_MATH = YES;
				SDKROOT = iphoneos;
				SWIFT_COMPILATION_MODE = wholemodule;
				SWIFT_OPTIMIZATION_LEVEL = "-O";
				VALIDATE_PRODUCT = YES;
			};
			name = Release;
		};
		347A171D25EB5C1F00A362A0 /* Debug */ = {
			isa = XCBuildConfiguration;
			buildSettings = {
				ASSETCATALOG_COMPILER_APPICON_NAME = AppIcon;
				ASSETCATALOG_COMPILER_GLOBAL_ACCENT_COLOR_NAME = AccentColor;
				CODE_SIGN_STYLE = Automatic;
				DEVELOPMENT_TEAM = D93ZL5U376;
				INFOPLIST_FILE = Xib_TODO_LIST/Info.plist;
				LD_RUNPATH_SEARCH_PATHS = (
					"$(inherited)",
					"@executable_path/Frameworks",
				);
				PRODUCT_BUNDLE_IDENTIFIER = "-1331104th.tama.ac.jp.Xib-TODO-LIST";
				PRODUCT_NAME = "$(TARGET_NAME)";
				SWIFT_VERSION = 5.0;
				TARGETED_DEVICE_FAMILY = "1,2";
			};
			name = Debug;
		};
		347A171E25EB5C1F00A362A0 /* Release */ = {
			isa = XCBuildConfiguration;
			buildSettings = {
				ASSETCATALOG_COMPILER_APPICON_NAME = AppIcon;
				ASSETCATALOG_COMPILER_GLOBAL_ACCENT_COLOR_NAME = AccentColor;
				CODE_SIGN_STYLE = Automatic;
				DEVELOPMENT_TEAM = D93ZL5U376;
				INFOPLIST_FILE = Xib_TODO_LIST/Info.plist;
				LD_RUNPATH_SEARCH_PATHS = (
					"$(inherited)",
					"@executable_path/Frameworks",
				);
				PRODUCT_BUNDLE_IDENTIFIER = "-1331104th.tama.ac.jp.Xib-TODO-LIST";
				PRODUCT_NAME = "$(TARGET_NAME)";
				SWIFT_VERSION = 5.0;
				TARGETED_DEVICE_FAMILY = "1,2";
			};
			name = Release;
		};
		347A172025EB5C1F00A362A0 /* Debug */ = {
			isa = XCBuildConfiguration;
			buildSettings = {
				ALWAYS_EMBED_SWIFT_STANDARD_LIBRARIES = YES;
				BUNDLE_LOADER = "$(TEST_HOST)";
				CODE_SIGN_STYLE = Automatic;
				DEVELOPMENT_TEAM = D93ZL5U376;
				INFOPLIST_FILE = Xib_TODO_LISTTests/Info.plist;
				IPHONEOS_DEPLOYMENT_TARGET = 14.3;
				LD_RUNPATH_SEARCH_PATHS = (
					"$(inherited)",
					"@executable_path/Frameworks",
					"@loader_path/Frameworks",
				);
				PRODUCT_BUNDLE_IDENTIFIER = "-1331104th.tama.ac.jp.Xib-TODO-LISTTests";
				PRODUCT_NAME = "$(TARGET_NAME)";
				SWIFT_VERSION = 5.0;
				TARGETED_DEVICE_FAMILY = "1,2";
				TEST_HOST = "$(BUILT_PRODUCTS_DIR)/Xib_TODO_LIST.app/Xib_TODO_LIST";
			};
			name = Debug;
		};
		347A172125EB5C1F00A362A0 /* Release */ = {
			isa = XCBuildConfiguration;
			buildSettings = {
				ALWAYS_EMBED_SWIFT_STANDARD_LIBRARIES = YES;
				BUNDLE_LOADER = "$(TEST_HOST)";
				CODE_SIGN_STYLE = Automatic;
				DEVELOPMENT_TEAM = D93ZL5U376;
				INFOPLIST_FILE = Xib_TODO_LISTTests/Info.plist;
				IPHONEOS_DEPLOYMENT_TARGET = 14.3;
				LD_RUNPATH_SEARCH_PATHS = (
					"$(inherited)",
					"@executable_path/Frameworks",
					"@loader_path/Frameworks",
				);
				PRODUCT_BUNDLE_IDENTIFIER = "-1331104th.tama.ac.jp.Xib-TODO-LISTTests";
				PRODUCT_NAME = "$(TARGET_NAME)";
				SWIFT_VERSION = 5.0;
				TARGETED_DEVICE_FAMILY = "1,2";
				TEST_HOST = "$(BUILT_PRODUCTS_DIR)/Xib_TODO_LIST.app/Xib_TODO_LIST";
			};
			name = Release;
		};
		347A172325EB5C1F00A362A0 /* Debug */ = {
			isa = XCBuildConfiguration;
			buildSettings = {
				ALWAYS_EMBED_SWIFT_STANDARD_LIBRARIES = YES;
				CODE_SIGN_STYLE = Automatic;
				DEVELOPMENT_TEAM = D93ZL5U376;
				INFOPLIST_FILE = Xib_TODO_LISTUITests/Info.plist;
				LD_RUNPATH_SEARCH_PATHS = (
					"$(inherited)",
					"@executable_path/Frameworks",
					"@loader_path/Frameworks",
				);
				PRODUCT_BUNDLE_IDENTIFIER = "-1331104th.tama.ac.jp.Xib-TODO-LISTUITests";
				PRODUCT_NAME = "$(TARGET_NAME)";
				SWIFT_VERSION = 5.0;
				TARGETED_DEVICE_FAMILY = "1,2";
				TEST_TARGET_NAME = Xib_TODO_LIST;
			};
			name = Debug;
		};
		347A172425EB5C1F00A362A0 /* Release */ = {
			isa = XCBuildConfiguration;
			buildSettings = {
				ALWAYS_EMBED_SWIFT_STANDARD_LIBRARIES = YES;
				CODE_SIGN_STYLE = Automatic;
				DEVELOPMENT_TEAM = D93ZL5U376;
				INFOPLIST_FILE = Xib_TODO_LISTUITests/Info.plist;
				LD_RUNPATH_SEARCH_PATHS = (
					"$(inherited)",
					"@executable_path/Frameworks",
					"@loader_path/Frameworks",
				);
				PRODUCT_BUNDLE_IDENTIFIER = "-1331104th.tama.ac.jp.Xib-TODO-LISTUITests";
				PRODUCT_NAME = "$(TARGET_NAME)";
				SWIFT_VERSION = 5.0;
				TARGETED_DEVICE_FAMILY = "1,2";
				TEST_TARGET_NAME = Xib_TODO_LIST;
			};
			name = Release;
		};
/* End XCBuildConfiguration section */

/* Begin XCConfigurationList section */
		347A16ED25EB5C1D00A362A0 /* Build configuration list for PBXProject "Xib_TODO_LIST" */ = {
			isa = XCConfigurationList;
			buildConfigurations = (
				347A171A25EB5C1F00A362A0 /* Debug */,
				347A171B25EB5C1F00A362A0 /* Release */,
			);
			defaultConfigurationIsVisible = 0;
			defaultConfigurationName = Release;
		};
		347A171C25EB5C1F00A362A0 /* Build configuration list for PBXNativeTarget "Xib_TODO_LIST" */ = {
			isa = XCConfigurationList;
			buildConfigurations = (
				347A171D25EB5C1F00A362A0 /* Debug */,
				347A171E25EB5C1F00A362A0 /* Release */,
			);
			defaultConfigurationIsVisible = 0;
			defaultConfigurationName = Release;
		};
		347A171F25EB5C1F00A362A0 /* Build configuration list for PBXNativeTarget "Xib_TODO_LISTTests" */ = {
			isa = XCConfigurationList;
			buildConfigurations = (
				347A172025EB5C1F00A362A0 /* Debug */,
				347A172125EB5C1F00A362A0 /* Release */,
			);
			defaultConfigurationIsVisible = 0;
			defaultConfigurationName = Release;
		};
		347A172225EB5C1F00A362A0 /* Build configuration list for PBXNativeTarget "Xib_TODO_LISTUITests" */ = {
			isa = XCConfigurationList;
			buildConfigurations = (
				347A172325EB5C1F00A362A0 /* Debug */,
				347A172425EB5C1F00A362A0 /* Release */,
			);
			defaultConfigurationIsVisible = 0;
			defaultConfigurationName = Release;
		};
/* End XCConfigurationList section */
	};
	rootObject = 347A16EA25EB5C1D00A362A0 /* Project object */;
}
